
Microsoft Visual Studio Solution File, Format Version 12.00
Project("{FAE04EC0-301F-11D3-BF4B-00C04F79EFBC}") = "List_Of_Commands", "List_Of_Commands\List_Of_Commands.csproj", "{03C20C71-5B74-4FCF-A911-80E9893ACCBA}"
EndProject
Global
	GlobalSection(SolutionConfigurationPlatforms) = preSolution
		Debug|Any CPU = Debug|Any CPU
		Release|Any CPU = Release|Any CPU
	EndGlobalSection
	GlobalSection(ProjectConfigurationPlatforms) = postSolution
		{03C20C71-5B74-4FCF-A911-80E9893ACCBA}.Debug|Any CPU.ActiveCfg = Debug|Any CPU
		{03C20C71-5B74-4FCF-A911-80E9893ACCBA}.Debug|Any CPU.Build.0 = Debug|Any CPU
		{03C20C71-5B74-4FCF-A911-80E9893ACCBA}.Release|Any CPU.ActiveCfg = Release|Any CPU
		{03C20C71-5B74-4FCF-A911-80E9893ACCBA}.Release|Any CPU.Build.0 = Release|Any CPU
	EndGlobalSection
EndGlobal
