
Microsoft Visual Studio Solution File, Format Version 12.00
# Visual Studio Version 17
VisualStudioVersion = 17.0.31903.59
MinimumVisualStudioVersion = 10.0.40219.1
Project("{FAE04EC0-301F-11D3-BF4B-00C04F79EFBC}") = "Boss_Battle-The_Locked_Door", "Boss_Battle-The_Locked_Door\Boss_Battle-The_Locked_Door.csproj", "{5013F95D-5469-49FE-BC4F-7B8997E36440}"
EndProject
Global
	GlobalSection(SolutionConfigurationPlatforms) = preSolution
		Debug|Any CPU = Debug|Any CPU
		Release|Any CPU = Release|Any CPU
	EndGlobalSection
	GlobalSection(ProjectConfigurationPlatforms) = postSolution
		{5013F95D-5469-49FE-BC4F-7B8997E36440}.Debug|Any CPU.ActiveCfg = Debug|Any CPU
		{5013F95D-5469-49FE-BC4F-7B8997E36440}.Debug|Any CPU.Build.0 = Debug|Any CPU
		{5013F95D-5469-49FE-BC4F-7B8997E36440}.Release|Any CPU.ActiveCfg = Release|Any CPU
		{5013F95D-5469-49FE-BC4F-7B8997E36440}.Release|Any CPU.Build.0 = Release|Any CPU
	EndGlobalSection
	GlobalSection(SolutionProperties) = preSolution
		HideSolutionNode = FALSE
	EndGlobalSection
	GlobalSection(ExtensibilityGlobals) = postSolution
		SolutionGuid = {A906FC07-59AD-4D8A-AE06-A2CC697671EE}
	EndGlobalSection
EndGlobal
