
Microsoft Visual Studio Solution File, Format Version 12.00
# Visual Studio Version 17
VisualStudioVersion = 17.0.32126.317
MinimumVisualStudioVersion = 10.0.40219.1
Project("{FAE04EC0-301F-11D3-BF4B-00C04F79EFBC}") = "Packing_Inventory", "Packing_Inventory\Packing_Inventory.csproj", "{5F7CDE6E-EE9C-457B-9586-87713E9A5EAB}"
EndProject
Global
	GlobalSection(SolutionConfigurationPlatforms) = preSolution
		Debug|Any CPU = Debug|Any CPU
		Release|Any CPU = Release|Any CPU
	EndGlobalSection
	GlobalSection(ProjectConfigurationPlatforms) = postSolution
		{5F7CDE6E-EE9C-457B-9586-87713E9A5EAB}.Debug|Any CPU.ActiveCfg = Debug|Any CPU
		{5F7CDE6E-EE9C-457B-9586-87713E9A5EAB}.Debug|Any CPU.Build.0 = Debug|Any CPU
		{5F7CDE6E-EE9C-457B-9586-87713E9A5EAB}.Release|Any CPU.ActiveCfg = Release|Any CPU
		{5F7CDE6E-EE9C-457B-9586-87713E9A5EAB}.Release|Any CPU.Build.0 = Release|Any CPU
	EndGlobalSection
	GlobalSection(SolutionProperties) = preSolution
		HideSolutionNode = FALSE
	EndGlobalSection
	GlobalSection(ExtensibilityGlobals) = postSolution
		SolutionGuid = {5A346CF4-9F38-436A-864C-560122E1E44F}
	EndGlobalSection
EndGlobal
