
Microsoft Visual Studio Solution File, Format Version 12.00
Project("{FAE04EC0-301F-11D3-BF4B-00C04F79EFBC}") = "The_Feud", "The_Feud\The_Feud.csproj", "{54F33DC9-AD06-4B2B-BC3E-E0258E159161}"
EndProject
Global
	GlobalSection(SolutionConfigurationPlatforms) = preSolution
		Debug|Any CPU = Debug|Any CPU
		Release|Any CPU = Release|Any CPU
	EndGlobalSection
	GlobalSection(ProjectConfigurationPlatforms) = postSolution
		{54F33DC9-AD06-4B2B-BC3E-E0258E159161}.Debug|Any CPU.ActiveCfg = Debug|Any CPU
		{54F33DC9-AD06-4B2B-BC3E-E0258E159161}.Debug|Any CPU.Build.0 = Debug|Any CPU
		{54F33DC9-AD06-4B2B-BC3E-E0258E159161}.Release|Any CPU.ActiveCfg = Release|Any CPU
		{54F33DC9-AD06-4B2B-BC3E-E0258E159161}.Release|Any CPU.Build.0 = Release|Any CPU
	EndGlobalSection
EndGlobal
