
Microsoft Visual Studio Solution File, Format Version 12.00
# Visual Studio Version 16
VisualStudioVersion = 16.0.31702.278
MinimumVisualStudioVersion = 10.0.40219.1
Project("{FAE04EC0-301F-11D3-BF4B-00C04F79EFBC}") = "TheThingNamer3000", "TheThingNamer3000.csproj", "{8D9A6E0D-2642-4C49-BDCC-EF6D36CD8BCC}"
EndProject
Global
	GlobalSection(SolutionConfigurationPlatforms) = preSolution
		Debug|Any CPU = Debug|Any CPU
		Release|Any CPU = Release|Any CPU
	EndGlobalSection
	GlobalSection(ProjectConfigurationPlatforms) = postSolution
		{8D9A6E0D-2642-4C49-BDCC-EF6D36CD8BCC}.Debug|Any CPU.ActiveCfg = Debug|Any CPU
		{8D9A6E0D-2642-4C49-BDCC-EF6D36CD8BCC}.Debug|Any CPU.Build.0 = Debug|Any CPU
		{8D9A6E0D-2642-4C49-BDCC-EF6D36CD8BCC}.Release|Any CPU.ActiveCfg = Release|Any CPU
		{8D9A6E0D-2642-4C49-BDCC-EF6D36CD8BCC}.Release|Any CPU.Build.0 = Release|Any CPU
	EndGlobalSection
	GlobalSection(SolutionProperties) = preSolution
		HideSolutionNode = FALSE
	EndGlobalSection
	GlobalSection(ExtensibilityGlobals) = postSolution
		SolutionGuid = {7ABC4F7B-E4F8-4C36-A1A2-10D4535AB196}
	EndGlobalSection
EndGlobal
