
Microsoft Visual Studio Solution File, Format Version 12.00
# Visual Studio Version 16
VisualStudioVersion = 16.0.31727.386
MinimumVisualStudioVersion = 10.0.40219.1
Project("{FAE04EC0-301F-11D3-BF4B-00C04F79EFBC}") = "Taking_a_Number", "Taking_a_Number.csproj", "{B04AE988-8F9F-4CB6-82BC-899CC7A5743E}"
EndProject
Global
	GlobalSection(SolutionConfigurationPlatforms) = preSolution
		Debug|Any CPU = Debug|Any CPU
		Release|Any CPU = Release|Any CPU
	EndGlobalSection
	GlobalSection(ProjectConfigurationPlatforms) = postSolution
		{B04AE988-8F9F-4CB6-82BC-899CC7A5743E}.Debug|Any CPU.ActiveCfg = Debug|Any CPU
		{B04AE988-8F9F-4CB6-82BC-899CC7A5743E}.Debug|Any CPU.Build.0 = Debug|Any CPU
		{B04AE988-8F9F-4CB6-82BC-899CC7A5743E}.Release|Any CPU.ActiveCfg = Release|Any CPU
		{B04AE988-8F9F-4CB6-82BC-899CC7A5743E}.Release|Any CPU.Build.0 = Release|Any CPU
	EndGlobalSection
	GlobalSection(SolutionProperties) = preSolution
		HideSolutionNode = FALSE
	EndGlobalSection
	GlobalSection(ExtensibilityGlobals) = postSolution
		SolutionGuid = {9BA9C645-5002-4207-8453-F363B0D9D17B}
	EndGlobalSection
EndGlobal
