
Microsoft Visual Studio Solution File, Format Version 12.00
# Visual Studio Version 16
VisualStudioVersion = 16.0.31702.278
MinimumVisualStudioVersion = 10.0.40219.1
Project("{FAE04EC0-301F-11D3-BF4B-00C04F79EFBC}") = "Consolas_and_Telim_Page_24", "Consolas_and_Telim_Page_24.csproj", "{3EAB7398-7ABB-40F2-8BF8-2B7FAF9186C3}"
EndProject
Global
	GlobalSection(SolutionConfigurationPlatforms) = preSolution
		Debug|Any CPU = Debug|Any CPU
		Release|Any CPU = Release|Any CPU
	EndGlobalSection
	GlobalSection(ProjectConfigurationPlatforms) = postSolution
		{3EAB7398-7ABB-40F2-8BF8-2B7FAF9186C3}.Debug|Any CPU.ActiveCfg = Debug|Any CPU
		{3EAB7398-7ABB-40F2-8BF8-2B7FAF9186C3}.Debug|Any CPU.Build.0 = Debug|Any CPU
		{3EAB7398-7ABB-40F2-8BF8-2B7FAF9186C3}.Release|Any CPU.ActiveCfg = Release|Any CPU
		{3EAB7398-7ABB-40F2-8BF8-2B7FAF9186C3}.Release|Any CPU.Build.0 = Release|Any CPU
	EndGlobalSection
	GlobalSection(SolutionProperties) = preSolution
		HideSolutionNode = FALSE
	EndGlobalSection
	GlobalSection(ExtensibilityGlobals) = postSolution
		SolutionGuid = {EC0ABEE4-704A-40E5-BC91-60CAD80D9700}
	EndGlobalSection
EndGlobal
