
Microsoft Visual Studio Solution File, Format Version 12.00
# Visual Studio Version 16
VisualStudioVersion = 16.0.31702.278
MinimumVisualStudioVersion = 10.0.40219.1
Project("{FAE04EC0-301F-11D3-BF4B-00C04F79EFBC}") = "The_Triangle_Farmer", "The_Triangle_Farmer.csproj", "{2977ED6B-2CD4-48EC-BEF1-602292179AD8}"
EndProject
Global
	GlobalSection(SolutionConfigurationPlatforms) = preSolution
		Debug|Any CPU = Debug|Any CPU
		Release|Any CPU = Release|Any CPU
	EndGlobalSection
	GlobalSection(ProjectConfigurationPlatforms) = postSolution
		{2977ED6B-2CD4-48EC-BEF1-602292179AD8}.Debug|Any CPU.ActiveCfg = Debug|Any CPU
		{2977ED6B-2CD4-48EC-BEF1-602292179AD8}.Debug|Any CPU.Build.0 = Debug|Any CPU
		{2977ED6B-2CD4-48EC-BEF1-602292179AD8}.Release|Any CPU.ActiveCfg = Release|Any CPU
		{2977ED6B-2CD4-48EC-BEF1-602292179AD8}.Release|Any CPU.Build.0 = Release|Any CPU
	EndGlobalSection
	GlobalSection(SolutionProperties) = preSolution
		HideSolutionNode = FALSE
	EndGlobalSection
	GlobalSection(ExtensibilityGlobals) = postSolution
		SolutionGuid = {0B97296D-5820-4B41-ADED-5CC1C3B439C0}
	EndGlobalSection
EndGlobal
