
Microsoft Visual Studio Solution File, Format Version 12.00
# Visual Studio Version 17
VisualStudioVersion = 17.0.31903.59
MinimumVisualStudioVersion = 10.0.40219.1
Project("{FAE04EC0-301F-11D3-BF4B-00C04F79EFBC}") = "Boss_Battle-The_Color", "Boss_Battle-The_Color\Boss_Battle-The_Color.csproj", "{F622BE9E-6AD8-473F-93C2-96ABD71F61B1}"
EndProject
Global
	GlobalSection(SolutionConfigurationPlatforms) = preSolution
		Debug|Any CPU = Debug|Any CPU
		Release|Any CPU = Release|Any CPU
	EndGlobalSection
	GlobalSection(ProjectConfigurationPlatforms) = postSolution
		{F622BE9E-6AD8-473F-93C2-96ABD71F61B1}.Debug|Any CPU.ActiveCfg = Debug|Any CPU
		{F622BE9E-6AD8-473F-93C2-96ABD71F61B1}.Debug|Any CPU.Build.0 = Debug|Any CPU
		{F622BE9E-6AD8-473F-93C2-96ABD71F61B1}.Release|Any CPU.ActiveCfg = Release|Any CPU
		{F622BE9E-6AD8-473F-93C2-96ABD71F61B1}.Release|Any CPU.Build.0 = Release|Any CPU
	EndGlobalSection
	GlobalSection(SolutionProperties) = preSolution
		HideSolutionNode = FALSE
	EndGlobalSection
	GlobalSection(ExtensibilityGlobals) = postSolution
		SolutionGuid = {E47BA4FB-16E9-4908-B4B5-9575F081C453}
	EndGlobalSection
EndGlobal
