
Microsoft Visual Studio Solution File, Format Version 12.00
# Visual Studio Version 16
VisualStudioVersion = 16.0.31702.278
MinimumVisualStudioVersion = 10.0.40219.1
Project("{FAE04EC0-301F-11D3-BF4B-00C04F79EFBC}") = "The_Makings_of_a_Programmer", "The_Makings_of_a_Programmer.csproj", "{663444EA-209D-4C37-B7BE-A7A364862085}"
EndProject
Global
	GlobalSection(SolutionConfigurationPlatforms) = preSolution
		Debug|Any CPU = Debug|Any CPU
		Release|Any CPU = Release|Any CPU
	EndGlobalSection
	GlobalSection(ProjectConfigurationPlatforms) = postSolution
		{663444EA-209D-4C37-B7BE-A7A364862085}.Debug|Any CPU.ActiveCfg = Debug|Any CPU
		{663444EA-209D-4C37-B7BE-A7A364862085}.Debug|Any CPU.Build.0 = Debug|Any CPU
		{663444EA-209D-4C37-B7BE-A7A364862085}.Release|Any CPU.ActiveCfg = Release|Any CPU
		{663444EA-209D-4C37-B7BE-A7A364862085}.Release|Any CPU.Build.0 = Release|Any CPU
	EndGlobalSection
	GlobalSection(SolutionProperties) = preSolution
		HideSolutionNode = FALSE
	EndGlobalSection
	GlobalSection(ExtensibilityGlobals) = postSolution
		SolutionGuid = {8D4BE525-39DC-4759-A4AA-3ED61F9D43E8}
	EndGlobalSection
EndGlobal
